PODS:
  - CYUIComponents (0.1.9):
    - SDWebImage
    - SnapKit
    - YYCategories
  - SDWebImage (5.15.5):
    - SDWebImage/Core (= 5.15.5)
  - SDWebImage/Core (5.15.5)
  - SnapKit (5.6.0)
  - YYCategories (1.0.4):
    - YYCategories/no-arc (= 1.0.4)
  - YYCategories/no-arc (1.0.4)

DEPENDENCIES:
  - CYUIComponents (from `../`)

SPEC REPOS:
  trunk:
    - SDWebImage
    - SnapKit
    - YYCategories

EXTERNAL SOURCES:
  CYUIComponents:
    :path: "../"

SPEC CHECKSUMS:
  CYUIComponents: aebea1c5e53a6f83ce9cc979170bb34895e459fb
  SDWebImage: fd7e1a22f00303e058058278639bf6196ee431fe
  SnapKit: e01d52ebb8ddbc333eefe2132acf85c8227d9c25
  YYCategories: 6bcd4314c6661a561410dce4a793379ebd306abd

PODFILE CHECKSUM: 123c0636595b387064ad9383880ab769b9fa97eb

COCOAPODS: 1.12.0
